// !$*UTF8*$!
{
	archiveVersion = 1;
	classes = {
	};
	objectVersion = 50;
	objects = {

/* Begin PBXBuildFile section */
		013FB98721FF4583000C14E8 /* AppDelegate.swift in Sources */ = {isa = PBXBuildFile; fileRef = 013FB98621FF4583000C14E8 /* AppDelegate.swift */; };
		013FB98921FF4583000C14E8 /* ViewController.swift in Sources */ = {isa = PBXBuildFile; fileRef = 013FB98821FF4583000C14E8 /* ViewController.swift */; };
		013FB98C21FF4583000C14E8 /* Main.storyboard in Resources */ = {isa = PBXBuildFile; fileRef = 013FB98A21FF4583000C14E8 /* Main.storyboard */; };
		013FB98E21FF4583000C14E8 /* Assets.xcassets in Resources */ = {isa = PBXBuildFile; fileRef = 013FB98D21FF4583000C14E8 /* Assets.xcassets */; };
		013FB99121FF4583000C14E8 /* LaunchScreen.storyboard in Resources */ = {isa = PBXBuildFile; fileRef = 013FB98F21FF4583000C14E8 /* LaunchScreen.storyboard */; };
		013FB99C21FF4583000C14E8 /* DreamCRTests.swift in Sources */ = {isa = PBXBuildFile; fileRef = 013FB99B21FF4583000C14E8 /* DreamCRTests.swift */; };
		013FB9A721FF4583000C14E8 /* DreamCRUITests.swift in Sources */ = {isa = PBXBuildFile; fileRef = 013FB9A621FF4583000C14E8 /* DreamCRUITests.swift */; };
		013FB9F22208AB6C000C14E8 /* LoginViewController.swift in Sources */ = {isa = PBXBuildFile; fileRef = 013FB9F12208AB6C000C14E8 /* LoginViewController.swift */; };
		013FB9F42208B369000C14E8 /* RegisterViewController.swift in Sources */ = {isa = PBXBuildFile; fileRef = 013FB9F32208B369000C14E8 /* RegisterViewController.swift */; };
		013FB9F62208B3A4000C14E8 /* HomeViewController.swift in Sources */ = {isa = PBXBuildFile; fileRef = 013FB9F52208B3A4000C14E8 /* HomeViewController.swift */; };
		01B6B62C2211A4EF0043E245 /* GoogleService-Info.plist in Resources */ = {isa = PBXBuildFile; fileRef = 01B6B62B2211A4EF0043E245 /* GoogleService-Info.plist */; };
		34BE010CC51898E61FEB0367 /* Pods_DreamCRUITests.framework in Frameworks */ = {isa = PBXBuildFile; fileRef = F1DEE905F4BB6264DFAB5C6E /* Pods_DreamCRUITests.framework */; };
		8F2BA8238CD0E82B21B64E84 /* Pods_DreamCR.framework in Frameworks */ = {isa = PBXBuildFile; fileRef = A074FF03BB0DE00673126B86 /* Pods_DreamCR.framework */; };
		9F7546C07BE44B9694DFCE3C /* Pods_DreamCRTests.framework in Frameworks */ = {isa = PBXBuildFile; fileRef = C6883CBFAA77521436E4BDB3 /* Pods_DreamCRTests.framework */; };
/* End PBXBuildFile section */

/* Begin PBXContainerItemProxy section */
		013FB99821FF4583000C14E8 /* PBXContainerItemProxy */ = {
			isa = PBXContainerItemProxy;
			containerPortal = 013FB97B21FF4583000C14E8 /* Project object */;
			proxyType = 1;
			remoteGlobalIDString = 013FB98221FF4583000C14E8;
			remoteInfo = DreamCR;
		};
		013FB9A321FF4583000C14E8 /* PBXContainerItemProxy */ = {
			isa = PBXContainerItemProxy;
			containerPortal = 013FB97B21FF4583000C14E8 /* Project object */;
			proxyType = 1;
			remoteGlobalIDString = 013FB98221FF4583000C14E8;
			remoteInfo = DreamCR;
		};
/* End PBXContainerItemProxy section */

/* Begin PBXFileReference section */
		013FB98321FF4583000C14E8 /* DreamCR.app */ = {isa = PBXFileReference; explicitFileType = wrapper.application; includeInIndex = 0; path = DreamCR.app; sourceTree = BUILT_PRODUCTS_DIR; };
		013FB98621FF4583000C14E8 /* AppDelegate.swift */ = {isa = PBXFileReference; lastKnownFileType = sourcecode.swift; path = AppDelegate.swift; sourceTree = "<group>"; };
		013FB98821FF4583000C14E8 /* ViewController.swift */ = {isa = PBXFileReference; lastKnownFileType = sourcecode.swift; path = ViewController.swift; sourceTree = "<group>"; };
		013FB98B21FF4583000C14E8 /* Base */ = {isa = PBXFileReference; lastKnownFileType = file.storyboard; name = Base; path = Base.lproj/Main.storyboard; sourceTree = "<group>"; };
		013FB98D21FF4583000C14E8 /* Assets.xcassets */ = {isa = PBXFileReference; lastKnownFileType = folder.assetcatalog; path = Assets.xcassets; sourceTree = "<group>"; };
		013FB99021FF4583000C14E8 /* Base */ = {isa = PBXFileReference; lastKnownFileType = file.storyboard; name = Base; path = Base.lproj/LaunchScreen.storyboard; sourceTree = "<group>"; };
		013FB99221FF4583000C14E8 /* Info.plist */ = {isa = PBXFileReference; lastKnownFileType = text.plist.xml; path = Info.plist; sourceTree = "<group>"; };
		013FB99721FF4583000C14E8 /* DreamCRTests.xctest */ = {isa = PBXFileReference; explicitFileType = wrapper.cfbundle; includeInIndex = 0; path = DreamCRTests.xctest; sourceTree = BUILT_PRODUCTS_DIR; };
		013FB99B21FF4583000C14E8 /* DreamCRTests.swift */ = {isa = PBXFileReference; lastKnownFileType = sourcecode.swift; path = DreamCRTests.swift; sourceTree = "<group>"; };
		013FB99D21FF4583000C14E8 /* Info.plist */ = {isa = PBXFileReference; lastKnownFileType = text.plist.xml; path = Info.plist; sourceTree = "<group>"; };
		013FB9A221FF4583000C14E8 /* DreamCRUITests.xctest */ = {isa = PBXFileReference; explicitFileType = wrapper.cfbundle; includeInIndex = 0; path = DreamCRUITests.xctest; sourceTree = BUILT_PRODUCTS_DIR; };
		013FB9A621FF4583000C14E8 /* DreamCRUITests.swift */ = {isa = PBXFileReference; lastKnownFileType = sourcecode.swift; path = DreamCRUITests.swift; sourceTree = "<group>"; };
		013FB9A821FF4583000C14E8 /* Info.plist */ = {isa = PBXFileReference; lastKnownFileType = text.plist.xml; path = Info.plist; sourceTree = "<group>"; };
		013FB9F12208AB6C000C14E8 /* LoginViewController.swift */ = {isa = PBXFileReference; lastKnownFileType = sourcecode.swift; path = LoginViewController.swift; sourceTree = "<group>"; };
		013FB9F32208B369000C14E8 /* RegisterViewController.swift */ = {isa = PBXFileReference; lastKnownFileType = sourcecode.swift; path = RegisterViewController.swift; sourceTree = "<group>"; };
		013FB9F52208B3A4000C14E8 /* HomeViewController.swift */ = {isa = PBXFileReference; lastKnownFileType = sourcecode.swift; path = HomeViewController.swift; sourceTree = "<group>"; };
		01B6B62B2211A4EF0043E245 /* GoogleService-Info.plist */ = {isa = PBXFileReference; fileEncoding = 4; lastKnownFileType = text.plist.xml; path = "GoogleService-Info.plist"; sourceTree = "<group>"; };
		472F7C7129001FDDB86589D3 /* Pods-DreamCRUITests.debug.xcconfig */ = {isa = PBXFileReference; includeInIndex = 1; lastKnownFileType = text.xcconfig; name = "Pods-DreamCRUITests.debug.xcconfig"; path = "Pods/Target Support Files/Pods-DreamCRUITests/Pods-DreamCRUITests.debug.xcconfig"; sourceTree = "<group>"; };
		68B5917145AFB90E21A0344C /* Pods-DreamCR.release.xcconfig */ = {isa = PBXFileReference; includeInIndex = 1; lastKnownFileType = text.xcconfig; name = "Pods-DreamCR.release.xcconfig"; path = "Pods/Target Support Files/Pods-DreamCR/Pods-DreamCR.release.xcconfig"; sourceTree = "<group>"; };
		7D6C81B4714E742CF1DB817E /* Pods-DreamCRTests.debug.xcconfig */ = {isa = PBXFileReference; includeInIndex = 1; lastKnownFileType = text.xcconfig; name = "Pods-DreamCRTests.debug.xcconfig"; path = "Pods/Target Support Files/Pods-DreamCRTests/Pods-DreamCRTests.debug.xcconfig"; sourceTree = "<group>"; };
		A074FF03BB0DE00673126B86 /* Pods_DreamCR.framework */ = {isa = PBXFileReference; explicitFileType = wrapper.framework; includeInIndex = 0; path = Pods_DreamCR.framework; sourceTree = BUILT_PRODUCTS_DIR; };
		ACC8F82B4EFAADCE9C399CAB /* Pods-DreamCRUITests.release.xcconfig */ = {isa = PBXFileReference; includeInIndex = 1; lastKnownFileType = text.xcconfig; name = "Pods-DreamCRUITests.release.xcconfig"; path = "Pods/Target Support Files/Pods-DreamCRUITests/Pods-DreamCRUITests.release.xcconfig"; sourceTree = "<group>"; };
		C6883CBFAA77521436E4BDB3 /* Pods_DreamCRTests.framework */ = {isa = PBXFileReference; explicitFileType = wrapper.framework; includeInIndex = 0; path = Pods_DreamCRTests.framework; sourceTree = BUILT_PRODUCTS_DIR; };
		EEED21157EF9D650CE252D5C /* Pods-DreamCRTests.release.xcconfig */ = {isa = PBXFileReference; includeInIndex = 1; lastKnownFileType = text.xcconfig; name = "Pods-DreamCRTests.release.xcconfig"; path = "Pods/Target Support Files/Pods-DreamCRTests/Pods-DreamCRTests.release.xcconfig"; sourceTree = "<group>"; };
		F1DEE905F4BB6264DFAB5C6E /* Pods_DreamCRUITests.framework */ = {isa = PBXFileReference; explicitFileType = wrapper.framework; includeInIndex = 0; path = Pods_DreamCRUITests.framework; sourceTree = BUILT_PRODUCTS_DIR; };
		F86F5A079354CAF2DFB74969 /* Pods-DreamCR.debug.xcconfig */ = {isa = PBXFileReference; includeInIndex = 1; lastKnownFileType = text.xcconfig; name = "Pods-DreamCR.debug.xcconfig"; path = "Pods/Target Support Files/Pods-DreamCR/Pods-DreamCR.debug.xcconfig"; sourceTree = "<group>"; };
/* End PBXFileReference section */

/* Begin PBXFrameworksBuildPhase section */
		013FB98021FF4583000C14E8 /* Frameworks */ = {
			isa = PBXFrameworksBuildPhase;
			buildActionMask = 2147483647;
			files = (
				8F2BA8238CD0E82B21B64E84 /* Pods_DreamCR.framework in Frameworks */,
			);
			runOnlyForDeploymentPostprocessing = 0;
		};
		013FB99421FF4583000C14E8 /* Frameworks */ = {
			isa = PBXFrameworksBuildPhase;
			buildActionMask = 2147483647;
			files = (
				9F7546C07BE44B9694DFCE3C /* Pods_DreamCRTests.framework in Frameworks */,
			);
			runOnlyForDeploymentPostprocessing = 0;
		};
		013FB99F21FF4583000C14E8 /* Frameworks */ = {
			isa = PBXFrameworksBuildPhase;
			buildActionMask = 2147483647;
			files = (
				34BE010CC51898E61FEB0367 /* Pods_DreamCRUITests.framework in Frameworks */,
			);
			runOnlyForDeploymentPostprocessing = 0;
		};
/* End PBXFrameworksBuildPhase section */

/* Begin PBXGroup section */
		013FB97A21FF4583000C14E8 = {
			isa = PBXGroup;
			children = (
				013FB98521FF4583000C14E8 /* DreamCR */,
				013FB99A21FF4583000C14E8 /* DreamCRTests */,
				013FB9A521FF4583000C14E8 /* DreamCRUITests */,
				013FB98421FF4583000C14E8 /* Products */,
				A079418DEE4D36F21C1A5F74 /* Pods */,
				EB87C759BFFD0719E8640523 /* Frameworks */,
			);
			sourceTree = "<group>";
		};
		013FB98421FF4583000C14E8 /* Products */ = {
			isa = PBXGroup;
			children = (
				013FB98321FF4583000C14E8 /* DreamCR.app */,
				013FB99721FF4583000C14E8 /* DreamCRTests.xctest */,
				013FB9A221FF4583000C14E8 /* DreamCRUITests.xctest */,
			);
			name = Products;
			sourceTree = "<group>";
		};
		013FB98521FF4583000C14E8 /* DreamCR */ = {
			isa = PBXGroup;
			children = (
				013FB9F02208AAEE000C14E8 /* Views */,
				013FB98621FF4583000C14E8 /* AppDelegate.swift */,
				013FB98821FF4583000C14E8 /* ViewController.swift */,
				013FB98A21FF4583000C14E8 /* Main.storyboard */,
				013FB98D21FF4583000C14E8 /* Assets.xcassets */,
				013FB98F21FF4583000C14E8 /* LaunchScreen.storyboard */,
				01B6B62B2211A4EF0043E245 /* GoogleService-Info.plist */,
				013FB99221FF4583000C14E8 /* Info.plist */,
			);
			path = DreamCR;
			sourceTree = "<group>";
		};
		013FB99A21FF4583000C14E8 /* DreamCRTests */ = {
			isa = PBXGroup;
			children = (
				013FB99B21FF4583000C14E8 /* DreamCRTests.swift */,
				013FB99D21FF4583000C14E8 /* Info.plist */,
			);
			path = DreamCRTests;
			sourceTree = "<group>";
		};
		013FB9A521FF4583000C14E8 /* DreamCRUITests */ = {
			isa = PBXGroup;
			children = (
				013FB9A621FF4583000C14E8 /* DreamCRUITests.swift */,
				013FB9A821FF4583000C14E8 /* Info.plist */,
			);
			path = DreamCRUITests;
			sourceTree = "<group>";
		};
		013FB9F02208AAEE000C14E8 /* Views */ = {
			isa = PBXGroup;
			children = (
				013FB9F12208AB6C000C14E8 /* LoginViewController.swift */,
				013FB9F32208B369000C14E8 /* RegisterViewController.swift */,
				013FB9F52208B3A4000C14E8 /* HomeViewController.swift */,
			);
			path = Views;
			sourceTree = "<group>";
		};
		A079418DEE4D36F21C1A5F74 /* Pods */ = {
			isa = PBXGroup;
			children = (
				F86F5A079354CAF2DFB74969 /* Pods-DreamCR.debug.xcconfig */,
				68B5917145AFB90E21A0344C /* Pods-DreamCR.release.xcconfig */,
				7D6C81B4714E742CF1DB817E /* Pods-DreamCRTests.debug.xcconfig */,
				EEED21157EF9D650CE252D5C /* Pods-DreamCRTests.release.xcconfig */,
				472F7C7129001FDDB86589D3 /* Pods-DreamCRUITests.debug.xcconfig */,
				ACC8F82B4EFAADCE9C399CAB /* Pods-DreamCRUITests.release.xcconfig */,
			);
			name = Pods;
			sourceTree = "<group>";
		};
		EB87C759BFFD0719E8640523 /* Frameworks */ = {
			isa = PBXGroup;
			children = (
				A074FF03BB0DE00673126B86 /* Pods_DreamCR.framework */,
				C6883CBFAA77521436E4BDB3 /* Pods_DreamCRTests.framework */,
				F1DEE905F4BB6264DFAB5C6E /* Pods_DreamCRUITests.framework */,
			);
			name = Frameworks;
			sourceTree = "<group>";
		};
/* End PBXGroup section */

/* Begin PBXNativeTarget section */
		013FB98221FF4583000C14E8 /* DreamCR */ = {
			isa = PBXNativeTarget;
			buildConfigurationList = 013FB9AB21FF4584000C14E8 /* Build configuration list for PBXNativeTarget "DreamCR" */;
			buildPhases = (
				F1B1210DC5B7FA11404C2118 /* [CP] Check Pods Manifest.lock */,
				013FB97F21FF4583000C14E8 /* Sources */,
				013FB98021FF4583000C14E8 /* Frameworks */,
				013FB98121FF4583000C14E8 /* Resources */,
				DF40DA928276838612F02676 /* [CP] Embed Pods Frameworks */,
			);
			buildRules = (
			);
			dependencies = (
			);
			name = DreamCR;
			productName = DreamCR;
			productReference = 013FB98321FF4583000C14E8 /* DreamCR.app */;
			productType = "com.apple.product-type.application";
		};
		013FB99621FF4583000C14E8 /* DreamCRTests */ = {
			isa = PBXNativeTarget;
			buildConfigurationList = 013FB9AE21FF4584000C14E8 /* Build configuration list for PBXNativeTarget "DreamCRTests" */;
			buildPhases = (
				66A2B4A6B8DD8F7FEC3B0F59 /* [CP] Check Pods Manifest.lock */,
				013FB99321FF4583000C14E8 /* Sources */,
				013FB99421FF4583000C14E8 /* Frameworks */,
				013FB99521FF4583000C14E8 /* Resources */,
			);
			buildRules = (
			);
			dependencies = (
				013FB99921FF4583000C14E8 /* PBXTargetDependency */,
			);
			name = DreamCRTests;
			productName = DreamCRTests;
			productReference = 013FB99721FF4583000C14E8 /* DreamCRTests.xctest */;
			productType = "com.apple.product-type.bundle.unit-test";
		};
		013FB9A121FF4583000C14E8 /* DreamCRUITests */ = {
			isa = PBXNativeTarget;
			buildConfigurationList = 013FB9B121FF4584000C14E8 /* Build configuration list for PBXNativeTarget "DreamCRUITests" */;
			buildPhases = (
				644E0573D4586610F1C7C465 /* [CP] Check Pods Manifest.lock */,
				013FB99E21FF4583000C14E8 /* Sources */,
				013FB99F21FF4583000C14E8 /* Frameworks */,
				013FB9A021FF4583000C14E8 /* Resources */,
			);
			buildRules = (
			);
			dependencies = (
				013FB9A421FF4583000C14E8 /* PBXTargetDependency */,
			);
			name = DreamCRUITests;
			productName = DreamCRUITests;
			productReference = 013FB9A221FF4583000C14E8 /* DreamCRUITests.xctest */;
			productType = "com.apple.product-type.bundle.ui-testing";
		};
/* End PBXNativeTarget section */

/* Begin PBXProject section */
		013FB97B21FF4583000C14E8 /* Project object */ = {
			isa = PBXProject;
			attributes = {
				LastSwiftUpdateCheck = 1000;
				LastUpgradeCheck = 1000;
				ORGANIZATIONNAME = "Rashed Alshamsi";
				TargetAttributes = {
					013FB98221FF4583000C14E8 = {
						CreatedOnToolsVersion = 10.0;
					};
					013FB99621FF4583000C14E8 = {
						CreatedOnToolsVersion = 10.0;
						TestTargetID = 013FB98221FF4583000C14E8;
					};
					013FB9A121FF4583000C14E8 = {
						CreatedOnToolsVersion = 10.0;
						TestTargetID = 013FB98221FF4583000C14E8;
					};
				};
			};
			buildConfigurationList = 013FB97E21FF4583000C14E8 /* Build configuration list for PBXProject "DreamCR" */;
			compatibilityVersion = "Xcode 9.3";
			developmentRegion = en;
			hasScannedForEncodings = 0;
			knownRegions = (
				en,
				Base,
			);
			mainGroup = 013FB97A21FF4583000C14E8;
			productRefGroup = 013FB98421FF4583000C14E8 /* Products */;
			projectDirPath = "";
			projectRoot = "";
			targets = (
				013FB98221FF4583000C14E8 /* DreamCR */,
				013FB99621FF4583000C14E8 /* DreamCRTests */,
				013FB9A121FF4583000C14E8 /* DreamCRUITests */,
			);
		};
/* End PBXProject section */

/* Begin PBXResourcesBuildPhase section */
		013FB98121FF4583000C14E8 /* Resources */ = {
			isa = PBXResourcesBuildPhase;
			buildActionMask = 2147483647;
			files = (
				013FB99121FF4583000C14E8 /* LaunchScreen.storyboard in Resources */,
				01B6B62C2211A4EF0043E245 /* GoogleService-Info.plist in Resources */,
				013FB98E21FF4583000C14E8 /* Assets.xcassets in Resources */,
				013FB98C21FF4583000C14E8 /* Main.storyboard in Resources */,
			);
			runOnlyForDeploymentPostprocessing = 0;
		};
		013FB99521FF4583000C14E8 /* Resources */ = {
			isa = PBXResourcesBuildPhase;
			buildActionMask = 2147483647;
			files = (
			);
			runOnlyForDeploymentPostprocessing = 0;
		};
		013FB9A021FF4583000C14E8 /* Resources */ = {
			isa = PBXResourcesBuildPhase;
			buildActionMask = 2147483647;
			files = (
			);
			runOnlyForDeploymentPostprocessing = 0;
		};
/* End PBXResourcesBuildPhase section */

/* Begin PBXShellScriptBuildPhase section */
		644E0573D4586610F1C7C465 /* [CP] Check Pods Manifest.lock */ = {
			isa = PBXShellScriptBuildPhase;
			buildActionMask = 2147483647;
			files = (
			);
			inputFileListPaths = (
			);
			inputPaths = (
				"${PODS_PODFILE_DIR_PATH}/Podfile.lock",
				"${PODS_ROOT}/Manifest.lock",
			);
			name = "[CP] Check Pods Manifest.lock";
			outputFileListPaths = (
			);
			outputPaths = (
				"$(DERIVED_FILE_DIR)/Pods-DreamCRUITests-checkManifestLockResult.txt",
			);
			runOnlyForDeploymentPostprocessing = 0;
			shellPath = /bin/sh;
			shellScript = "diff \"${PODS_PODFILE_DIR_PATH}/Podfile.lock\" \"${PODS_ROOT}/Manifest.lock\" > /dev/null\nif [ $? != 0 ] ; then\n    # print error to STDERR\n    echo \"error: The sandbox is not in sync with the Podfile.lock. Run 'pod install' or update your CocoaPods installation.\" >&2\n    exit 1\nfi\n# This output is used by Xcode 'outputs' to avoid re-running this script phase.\necho \"SUCCESS\" > \"${SCRIPT_OUTPUT_FILE_0}\"\n";
			showEnvVarsInLog = 0;
		};
		66A2B4A6B8DD8F7FEC3B0F59 /* [CP] Check Pods Manifest.lock */ = {
			isa = PBXShellScriptBuildPhase;
			buildActionMask = 2147483647;
			files = (
			);
			inputFileListPaths = (
			);
			inputPaths = (
				"${PODS_PODFILE_DIR_PATH}/Podfile.lock",
				"${PODS_ROOT}/Manifest.lock",
			);
			name = "[CP] Check Pods Manifest.lock";
			outputFileListPaths = (
			);
			outputPaths = (
				"$(DERIVED_FILE_DIR)/Pods-DreamCRTests-checkManifestLockResult.txt",
			);
			runOnlyForDeploymentPostprocessing = 0;
			shellPath = /bin/sh;
			shellScript = "diff \"${PODS_PODFILE_DIR_PATH}/Podfile.lock\" \"${PODS_ROOT}/Manifest.lock\" > /dev/null\nif [ $? != 0 ] ; then\n    # print error to STDERR\n    echo \"error: The sandbox is not in sync with the Podfile.lock. Run 'pod install' or update your CocoaPods installation.\" >&2\n    exit 1\nfi\n# This output is used by Xcode 'outputs' to avoid re-running this script phase.\necho \"SUCCESS\" > \"${SCRIPT_OUTPUT_FILE_0}\"\n";
			showEnvVarsInLog = 0;
		};
		DF40DA928276838612F02676 /* [CP] Embed Pods Frameworks */ = {
			isa = PBXShellScriptBuildPhase;
			buildActionMask = 2147483647;
			files = (
			);
			inputFileListPaths = (
			);
			inputPaths = (
				"${SRCROOT}/Pods/Target Support Files/Pods-DreamCR/Pods-DreamCR-frameworks.sh",
				"${BUILT_PRODUCTS_DIR}/GTMSessionFetcher/GTMSessionFetcher.framework",
				"${BUILT_PRODUCTS_DIR}/GoogleUtilities/GoogleUtilities.framework",
				"${BUILT_PRODUCTS_DIR}/nanopb/nanopb.framework",
			);
			name = "[CP] Embed Pods Frameworks";
			outputFileListPaths = (
			);
			outputPaths = (
				"${TARGET_BUILD_DIR}/${FRAMEWORKS_FOLDER_PATH}/GTMSessionFetcher.framework",
				"${TARGET_BUILD_DIR}/${FRAMEWORKS_FOLDER_PATH}/GoogleUtilities.framework",
				"${TARGET_BUILD_DIR}/${FRAMEWORKS_FOLDER_PATH}/nanopb.framework",
			);
			runOnlyForDeploymentPostprocessing = 0;
			shellPath = /bin/sh;
			shellScript = "\"${SRCROOT}/Pods/Target Support Files/Pods-DreamCR/Pods-DreamCR-frameworks.sh\"\n";
			showEnvVarsInLog = 0;
		};
		F1B1210DC5B7FA11404C2118 /* [CP] Check Pods Manifest.lock */ = {
			isa = PBXShellScriptBuildPhase;
			buildActionMask = 2147483647;
			files = (
			);
			inputFileListPaths = (
			);
			inputPaths = (
				"${PODS_PODFILE_DIR_PATH}/Podfile.lock",
				"${PODS_ROOT}/Manifest.lock",
			);
			name = "[CP] Check Pods Manifest.lock";
			outputFileListPaths = (
			);
			outputPaths = (
				"$(DERIVED_FILE_DIR)/Pods-DreamCR-checkManifestLockResult.txt",
			);
			runOnlyForDeploymentPostprocessing = 0;
			shellPath = /bin/sh;
			shellScript = "diff \"${PODS_PODFILE_DIR_PATH}/Podfile.lock\" \"${PODS_ROOT}/Manifest.lock\" > /dev/null\nif [ $? != 0 ] ; then\n    # print error to STDERR\n    echo \"error: The sandbox is not in sync with the Podfile.lock. Run 'pod install' or update your CocoaPods installation.\" >&2\n    exit 1\nfi\n# This output is used by Xcode 'outputs' to avoid re-running this script phase.\necho \"SUCCESS\" > \"${SCRIPT_OUTPUT_FILE_0}\"\n";
			showEnvVarsInLog = 0;
		};
/* End PBXShellScriptBuildPhase section */

/* Begin PBXSourcesBuildPhase section */
		013FB97F21FF4583000C14E8 /* Sources */ = {
			isa = PBXSourcesBuildPhase;
			buildActionMask = 2147483647;
			files = (
				013FB9F62208B3A4000C14E8 /* HomeViewController.swift in Sources */,
				013FB9F22208AB6C000C14E8 /* LoginViewController.swift in Sources */,
				013FB98921FF4583000C14E8 /* ViewController.swift in Sources */,
				013FB98721FF4583000C14E8 /* AppDelegate.swift in Sources */,
				013FB9F42208B369000C14E8 /* RegisterViewController.swift in Sources */,
			);
			runOnlyForDeploymentPostprocessing = 0;
		};
		013FB99321FF4583000C14E8 /* Sources */ = {
			isa = PBXSourcesBuildPhase;
			buildActionMask = 2147483647;
			files = (
				013FB99C21FF4583000C14E8 /* DreamCRTests.swift in Sources */,
			);
			runOnlyForDeploymentPostprocessing = 0;
		};
		013FB99E21FF4583000C14E8 /* Sources */ = {
			isa = PBXSourcesBuildPhase;
			buildActionMask = 2147483647;
			files = (
				013FB9A721FF4583000C14E8 /* DreamCRUITests.swift in Sources */,
			);
			runOnlyForDeploymentPostprocessing = 0;
		};
/* End PBXSourcesBuildPhase section */

/* Begin PBXTargetDependency section */
		013FB99921FF4583000C14E8 /* PBXTargetDependency */ = {
			isa = PBXTargetDependency;
			target = 013FB98221FF4583000C14E8 /* DreamCR */;
			targetProxy = 013FB99821FF4583000C14E8 /* PBXContainerItemProxy */;
		};
		013FB9A421FF4583000C14E8 /* PBXTargetDependency */ = {
			isa = PBXTargetDependency;
			target = 013FB98221FF4583000C14E8 /* DreamCR */;
			targetProxy = 013FB9A321FF4583000C14E8 /* PBXContainerItemProxy */;
		};
/* End PBXTargetDependency section */

/* Begin PBXVariantGroup section */
		013FB98A21FF4583000C14E8 /* Main.storyboard */ = {
			isa = PBXVariantGroup;
			children = (
				013FB98B21FF4583000C14E8 /* Base */,
			);
			name = Main.storyboard;
			sourceTree = "<group>";
		};
		013FB98F21FF4583000C14E8 /* LaunchScreen.storyboard */ = {
			isa = PBXVariantGroup;
			children = (
				013FB99021FF4583000C14E8 /* Base */,
			);
			name = LaunchScreen.storyboard;
			sourceTree = "<group>";
		};
/* End PBXVariantGroup section */

/* Begin XCBuildConfiguration section */
		013FB9A921FF4583000C14E8 /* Debug */ = {
			isa = XCBuildConfiguration;
			buildSettings = {
				ALWAYS_SEARCH_USER_PATHS = NO;
				CLANG_ANALYZER_NONNULL = YES;
				CLANG_ANALYZER_NUMBER_OBJECT_CONVERSION = YES_AGGRESSIVE;
				CLANG_CXX_LANGUAGE_STANDARD = "gnu++14";
				CLANG_CXX_LIBRARY = "libc++";
				CLANG_ENABLE_MODULES = YES;
				CLANG_ENABLE_OBJC_ARC = YES;
				CLANG_ENABLE_OBJC_WEAK = YES;
				CLANG_WARN_BLOCK_CAPTURE_AUTORELEASING = YES;
				CLANG_WARN_BOOL_CONVERSION = YES;
				CLANG_WARN_COMMA = YES;
				CLANG_WARN_CONSTANT_CONVERSION = YES;
				CLANG_WARN_DEPRECATED_OBJC_IMPLEMENTATIONS = YES;
				CLANG_WARN_DIRECT_OBJC_ISA_USAGE = YES_ERROR;
				CLANG_WARN_DOCUMENTATION_COMMENTS = YES;
				CLANG_WARN_EMPTY_BODY = YES;
				CLANG_WARN_ENUM_CONVERSION = YES;
				CLANG_WARN_INFINITE_RECURSION = YES;
				CLANG_WARN_INT_CONVERSION = YES;
				CLANG_WARN_NON_LITERAL_NULL_CONVERSION = YES;
				CLANG_WARN_OBJC_IMPLICIT_RETAIN_SELF = YES;
				CLANG_WARN_OBJC_LITERAL_CONVERSION = YES;
				CLANG_WARN_OBJC_ROOT_CLASS = YES_ERROR;
				CLANG_WARN_RANGE_LOOP_ANALYSIS = YES;
				CLANG_WARN_STRICT_PROTOTYPES = YES;
				CLANG_WARN_SUSPICIOUS_MOVE = YES;
				CLANG_WARN_UNGUARDED_AVAILABILITY = YES_AGGRESSIVE;
				CLANG_WARN_UNREACHABLE_CODE = YES;
				CLANG_WARN__DUPLICATE_METHOD_MATCH = YES;
				CODE_SIGN_IDENTITY = "iPhone Developer";
				COPY_PHASE_STRIP = NO;
				DEBUG_INFORMATION_FORMAT = dwarf;
				ENABLE_STRICT_OBJC_MSGSEND = YES;
				ENABLE_TESTABILITY = YES;
				GCC_C_LANGUAGE_STANDARD = gnu11;
				GCC_DYNAMIC_NO_PIC = NO;
				GCC_NO_COMMON_BLOCKS = YES;
				GCC_OPTIMIZATION_LEVEL = 0;
				GCC_PREPROCESSOR_DEFINITIONS = (
					"DEBUG=1",
					"$(inherited)",
				);
				GCC_WARN_64_TO_32_BIT_CONVERSION = YES;
				GCC_WARN_ABOUT_RETURN_TYPE = YES_ERROR;
				GCC_WARN_UNDECLARED_SELECTOR = YES;
				GCC_WARN_UNINITIALIZED_AUTOS = YES_AGGRESSIVE;
				GCC_WARN_UNUSED_FUNCTION = YES;
				GCC_WARN_UNUSED_VARIABLE = YES;
				IPHONEOS_DEPLOYMENT_TARGET = 12.0;
				MTL_ENABLE_DEBUG_INFO = INCLUDE_SOURCE;
				MTL_FAST_MATH = YES;
				ONLY_ACTIVE_ARCH = YES;
				SDKROOT = iphoneos;
				SWIFT_ACTIVE_COMPILATION_CONDITIONS = DEBUG;
				SWIFT_OPTIMIZATION_LEVEL = "-Onone";
			};
			name = Debug;
		};
		013FB9AA21FF4583000C14E8 /* Release */ = {
			isa = XCBuildConfiguration;
			buildSettings = {
				ALWAYS_SEARCH_USER_PATHS = NO;
				CLANG_ANALYZER_NONNULL = YES;
				CLANG_ANALYZER_NUMBER_OBJECT_CONVERSION = YES_AGGRESSIVE;
				CLANG_CXX_LANGUAGE_STANDARD = "gnu++14";
				CLANG_CXX_LIBRARY = "libc++";
				CLANG_ENABLE_MODULES = YES;
				CLANG_ENABLE_OBJC_ARC = YES;
				CLANG_ENABLE_OBJC_WEAK = YES;
				CLANG_WARN_BLOCK_CAPTURE_AUTORELEASING = YES;
				CLANG_WARN_BOOL_CONVERSION = YES;
				CLANG_WARN_COMMA = YES;
				CLANG_WARN_CONSTANT_CONVERSION = YES;
				CLANG_WARN_DEPRECATED_OBJC_IMPLEMENTATIONS = YES;
				CLANG_WARN_DIRECT_OBJC_ISA_USAGE = YES_ERROR;
				CLANG_WARN_DOCUMENTATION_COMMENTS = YES;
				CLANG_WARN_EMPTY_BODY = YES;
				CLANG_WARN_ENUM_CONVERSION = YES;
				CLANG_WARN_INFINITE_RECURSION = YES;
				CLANG_WARN_INT_CONVERSION = YES;
				CLANG_WARN_NON_LITERAL_NULL_CONVERSION = YES;
				CLANG_WARN_OBJC_IMPLICIT_RETAIN_SELF = YES;
				CLANG_WARN_OBJC_LITERAL_CONVERSION = YES;
				CLANG_WARN_OBJC_ROOT_CLASS = YES_ERROR;
				CLANG_WARN_RANGE_LOOP_ANALYSIS = YES;
				CLANG_WARN_STRICT_PROTOTYPES = YES;
				CLANG_WARN_SUSPICIOUS_MOVE = YES;
				CLANG_WARN_UNGUARDED_AVAILABILITY = YES_AGGRESSIVE;
				CLANG_WARN_UNREACHABLE_CODE = YES;
				CLANG_WARN__DUPLICATE_METHOD_MATCH = YES;
				CODE_SIGN_IDENTITY = "iPhone Developer";
				COPY_PHASE_STRIP = NO;
				DEBUG_INFORMATION_FORMAT = "dwarf-with-dsym";
				ENABLE_NS_ASSERTIONS = NO;
				ENABLE_STRICT_OBJC_MSGSEND = YES;
				GCC_C_LANGUAGE_STANDARD = gnu11;
				GCC_NO_COMMON_BLOCKS = YES;
				GCC_WARN_64_TO_32_BIT_CONVERSION = YES;
				GCC_WARN_ABOUT_RETURN_TYPE = YES_ERROR;
				GCC_WARN_UNDECLARED_SELECTOR = YES;
				GCC_WARN_UNINITIALIZED_AUTOS = YES_AGGRESSIVE;
				GCC_WARN_UNUSED_FUNCTION = YES;
				GCC_WARN_UNUSED_VARIABLE = YES;
				IPHONEOS_DEPLOYMENT_TARGET = 12.0;
				MTL_ENABLE_DEBUG_INFO = NO;
				MTL_FAST_MATH = YES;
				SDKROOT = iphoneos;
				SWIFT_COMPILATION_MODE = wholemodule;
				SWIFT_OPTIMIZATION_LEVEL = "-O";
				VALIDATE_PRODUCT = YES;
			};
			name = Release;
		};
		013FB9AC21FF4584000C14E8 /* Debug */ = {
			isa = XCBuildConfiguration;
			baseConfigurationReference = F86F5A079354CAF2DFB74969 /* Pods-DreamCR.debug.xcconfig */;
			buildSettings = {
				ASSETCATALOG_COMPILER_APPICON_NAME = AppIcon;
				CODE_SIGN_STYLE = Automatic;
				DEVELOPMENT_TEAM = 2N4695TS3U;
				INFOPLIST_FILE = DreamCR/Info.plist;
				LD_RUNPATH_SEARCH_PATHS = (
					"$(inherited)",
					"@executable_path/Frameworks",
				);
				PRODUCT_BUNDLE_IDENTIFIER = FYP.DreamCR;
				PRODUCT_NAME = "$(TARGET_NAME)";
				SWIFT_VERSION = 4.2;
				TARGETED_DEVICE_FAMILY = "1,2";
			};
			name = Debug;
		};
		013FB9AD21FF4584000C14E8 /* Release */ = {
			isa = XCBuildConfiguration;
			baseConfigurationReference = 68B5917145AFB90E21A0344C /* Pods-DreamCR.release.xcconfig */;
			buildSettings = {
				ASSETCATALOG_COMPILER_APPICON_NAME = AppIcon;
				CODE_SIGN_STYLE = Automatic;
				DEVELOPMENT_TEAM = 2N4695TS3U;
				INFOPLIST_FILE = DreamCR/Info.plist;
				LD_RUNPATH_SEARCH_PATHS = (
					"$(inherited)",
					"@executable_path/Frameworks",
				);
				PRODUCT_BUNDLE_IDENTIFIER = FYP.DreamCR;
				PRODUCT_NAME = "$(TARGET_NAME)";
				SWIFT_VERSION = 4.2;
				TARGETED_DEVICE_FAMILY = "1,2";
			};
			name = Release;
		};
		013FB9AF21FF4584000C14E8 /* Debug */ = {
			isa = XCBuildConfiguration;
			baseConfigurationReference = 7D6C81B4714E742CF1DB817E /* Pods-DreamCRTests.debug.xcconfig */;
			buildSettings = {
				ALWAYS_EMBED_SWIFT_STANDARD_LIBRARIES = YES;
				BUNDLE_LOADER = "$(TEST_HOST)";
				CODE_SIGN_STYLE = Automatic;
				DEVELOPMENT_TEAM = 2N4695TS3U;
				INFOPLIST_FILE = DreamCRTests/Info.plist;
				LD_RUNPATH_SEARCH_PATHS = (
					"$(inherited)",
					"@executable_path/Frameworks",
					"@loader_path/Frameworks",
				);
				PRODUCT_BUNDLE_IDENTIFIER = FYP.DreamCRTests;
				PRODUCT_NAME = "$(TARGET_NAME)";
				SWIFT_VERSION = 4.2;
				TARGETED_DEVICE_FAMILY = "1,2";
				TEST_HOST = "$(BUILT_PRODUCTS_DIR)/DreamCR.app/DreamCR";
			};
			name = Debug;
		};
		013FB9B021FF4584000C14E8 /* Release */ = {
			isa = XCBuildConfiguration;
			baseConfigurationReference = EEED21157EF9D650CE252D5C /* Pods-DreamCRTests.release.xcconfig */;
			buildSettings = {
				ALWAYS_EMBED_SWIFT_STANDARD_LIBRARIES = YES;
				BUNDLE_LOADER = "$(TEST_HOST)";
				CODE_SIGN_STYLE = Automatic;
				DEVELOPMENT_TEAM = 2N4695TS3U;
				INFOPLIST_FILE = DreamCRTests/Info.plist;
				LD_RUNPATH_SEARCH_PATHS = (
					"$(inherited)",
					"@executable_path/Frameworks",
					"@loader_path/Frameworks",
				);
				PRODUCT_BUNDLE_IDENTIFIER = FYP.DreamCRTests;
				PRODUCT_NAME = "$(TARGET_NAME)";
				SWIFT_VERSION = 4.2;
				TARGETED_DEVICE_FAMILY = "1,2";
				TEST_HOST = "$(BUILT_PRODUCTS_DIR)/DreamCR.app/DreamCR";
			};
			name = Release;
		};
		013FB9B221FF4584000C14E8 /* Debug */ = {
			isa = XCBuildConfiguration;
			baseConfigurationReference = 472F7C7129001FDDB86589D3 /* Pods-DreamCRUITests.debug.xcconfig */;
			buildSettings = {
				ALWAYS_EMBED_SWIFT_STANDARD_LIBRARIES = YES;
				CODE_SIGN_STYLE = Automatic;
				DEVELOPMENT_TEAM = 2N4695TS3U;
				INFOPLIST_FILE = DreamCRUITests/Info.plist;
				LD_RUNPATH_SEARCH_PATHS = (
					"$(inherited)",
					"@executable_path/Frameworks",
					"@loader_path/Frameworks",
				);
				PRODUCT_BUNDLE_IDENTIFIER = FYP.DreamCRUITests;
				PRODUCT_NAME = "$(TARGET_NAME)";
				SWIFT_VERSION = 4.2;
				TARGETED_DEVICE_FAMILY = "1,2";
				TEST_TARGET_NAME = DreamCR;
			};
			name = Debug;
		};
		013FB9B321FF4584000C14E8 /* Release */ = {
			isa = XCBuildConfiguration;
			baseConfigurationReference = ACC8F82B4EFAADCE9C399CAB /* Pods-DreamCRUITests.release.xcconfig */;
			buildSettings = {
				ALWAYS_EMBED_SWIFT_STANDARD_LIBRARIES = YES;
				CODE_SIGN_STYLE = Automatic;
				DEVELOPMENT_TEAM = 2N4695TS3U;
				INFOPLIST_FILE = DreamCRUITests/Info.plist;
				LD_RUNPATH_SEARCH_PATHS = (
					"$(inherited)",
					"@executable_path/Frameworks",
					"@loader_path/Frameworks",
				);
				PRODUCT_BUNDLE_IDENTIFIER = FYP.DreamCRUITests;
				PRODUCT_NAME = "$(TARGET_NAME)";
				SWIFT_VERSION = 4.2;
				TARGETED_DEVICE_FAMILY = "1,2";
				TEST_TARGET_NAME = DreamCR;
			};
			name = Release;
		};
/* End XCBuildConfiguration section */

/* Begin XCConfigurationList section */
		013FB97E21FF4583000C14E8 /* Build configuration list for PBXProject "DreamCR" */ = {
			isa = XCConfigurationList;
			buildConfigurations = (
				013FB9A921FF4583000C14E8 /* Debug */,
				013FB9AA21FF4583000C14E8 /* Release */,
			);
			defaultConfigurationIsVisible = 0;
			defaultConfigurationName = Release;
		};
		013FB9AB21FF4584000C14E8 /* Build configuration list for PBXNativeTarget "DreamCR" */ = {
			isa = XCConfigurationList;
			buildConfigurations = (
				013FB9AC21FF4584000C14E8 /* Debug */,
				013FB9AD21FF4584000C14E8 /* Release */,
			);
			defaultConfigurationIsVisible = 0;
			defaultConfigurationName = Release;
		};
		013FB9AE21FF4584000C14E8 /* Build configuration list for PBXNativeTarget "DreamCRTests" */ = {
			isa = XCConfigurationList;
			buildConfigurations = (
				013FB9AF21FF4584000C14E8 /* Debug */,
				013FB9B021FF4584000C14E8 /* Release */,
			);
			defaultConfigurationIsVisible = 0;
			defaultConfigurationName = Release;
		};
		013FB9B121FF4584000C14E8 /* Build configuration list for PBXNativeTarget "DreamCRUITests" */ = {
			isa = XCConfigurationList;
			buildConfigurations = (
				013FB9B221FF4584000C14E8 /* Debug */,
				013FB9B321FF4584000C14E8 /* Release */,
			);
			defaultConfigurationIsVisible = 0;
			defaultConfigurationName = Release;
		};
/* End XCConfigurationList section */
	};
	rootObject = 013FB97B21FF4583000C14E8 /* Project object */;
}
